// !$*UTF8*$!
{
	archiveVersion = 1;
	classes = {
	};
	objectVersion = 46;
	objects = {

/* Begin PBXBuildFile section */
		FA2234EF1C0D8BAF00850CA3 /* grenade.mp3 in Resources */ = {isa = PBXBuildFile; fileRef = FA2234EE1C0D8BAF00850CA3 /* grenade.mp3 */; };
		FA225DC81C0CAD500033A66F /* AppDelegate.swift in Sources */ = {isa = PBXBuildFile; fileRef = FA225DC71C0CAD500033A66F /* AppDelegate.swift */; };
		FA225DCA1C0CAD500033A66F /* ViewController.swift in Sources */ = {isa = PBXBuildFile; fileRef = FA225DC91C0CAD500033A66F /* ViewController.swift */; };
		FA225DCD1C0CAD500033A66F /* Main.storyboard in Resources */ = {isa = PBXBuildFile; fileRef = FA225DCB1C0CAD500033A66F /* Main.storyboard */; };
		FA225DCF1C0CAD500033A66F /* Assets.xcassets in Resources */ = {isa = PBXBuildFile; fileRef = FA225DCE1C0CAD500033A66F /* Assets.xcassets */; };
		FA225DD21C0CAD500033A66F /* LaunchScreen.storyboard in Resources */ = {isa = PBXBuildFile; fileRef = FA225DD01C0CAD500033A66F /* LaunchScreen.storyboard */; };
/* End PBXBuildFile section */

/* Begin PBXFileReference section */
		FA2234EE1C0D8BAF00850CA3 /* grenade.mp3 */ = {isa = PBXFileReference; lastKnownFileType = audio.mp3; name = grenade.mp3; path = MineSweeper/Assets.xcassets/Sound.dataset/grenade.mp3; sourceTree = "<group>"; };
		FA225DC41C0CAD500033A66F /* DeadLocker.temp_caseinsensitive_rename.app */ = {isa = PBXFileReference; explicitFileType = wrapper.application; includeInIndex = 0; path = DeadLocker.temp_caseinsensitive_rename.app; sourceTree = BUILT_PRODUCTS_DIR; };
		FA225DC71C0CAD500033A66F /* AppDelegate.swift */ = {isa = PBXFileReference; lastKnownFileType = sourcecode.swift; path = AppDelegate.swift; sourceTree = "<group>"; };
		FA225DC91C0CAD500033A66F /* ViewController.swift */ = {isa = PBXFileReference; lastKnownFileType = sourcecode.swift; path = ViewController.swift; sourceTree = "<group>"; };
		FA225DCC1C0CAD500033A66F /* Base */ = {isa = PBXFileReference; lastKnownFileType = file.storyboard; name = Base; path = Base.lproj/Main.storyboard; sourceTree = "<group>"; };
		FA225DCE1C0CAD500033A66F /* Assets.xcassets */ = {isa = PBXFileReference; lastKnownFileType = folder.assetcatalog; path = Assets.xcassets; sourceTree = "<group>"; };
		FA225DD11C0CAD500033A66F /* Base */ = {isa = PBXFileReference; lastKnownFileType = file.storyboard; name = Base; path = Base.lproj/LaunchScreen.storyboard; sourceTree = "<group>"; };
		FA225DD31C0CAD500033A66F /* Info.plist */ = {isa = PBXFileReference; lastKnownFileType = text.plist.xml; path = Info.plist; sourceTree = "<group>"; };
/* End PBXFileReference section */

/* Begin PBXFrameworksBuildPhase section */
		FA225DC11C0CAD500033A66F /* Frameworks */ = {
			isa = PBXFrameworksBuildPhase;
			buildActionMask = 2147483647;
			files = (
			);
			runOnlyForDeploymentPostprocessing = 0;
		};
/* End PBXFrameworksBuildPhase section */

/* Begin PBXGroup section */
		FA225DBB1C0CAD500033A66F = {
			isa = PBXGroup;
			children = (
				FA2234EE1C0D8BAF00850CA3 /* grenade.mp3 */,
				FA225DC61C0CAD500033A66F /* MineSweeper */,
				FA225DC51C0CAD500033A66F /* Products */,
			);
			sourceTree = "<group>";
		};
		FA225DC51C0CAD500033A66F /* Products */ = {
			isa = PBXGroup;
			children = (
				FA225DC41C0CAD500033A66F /* DeadLocker.temp_caseinsensitive_rename.app */,
			);
			name = Products;
			sourceTree = "<group>";
		};
		FA225DC61C0CAD500033A66F /* MineSweeper */ = {
			isa = PBXGroup;
			children = (
				FA225DC71C0CAD500033A66F /* AppDelegate.swift */,
				FA225DC91C0CAD500033A66F /* ViewController.swift */,
				FA225DCB1C0CAD500033A66F /* Main.storyboard */,
				FA225DCE1C0CAD500033A66F /* Assets.xcassets */,
				FA225DD01C0CAD500033A66F /* LaunchScreen.storyboard */,
				FA225DD31C0CAD500033A66F /* Info.plist */,
			);
			path = MineSweeper;
			sourceTree = "<group>";
		};
/* End PBXGroup section */

/* Begin PBXNativeTarget section */
		FA225DC31C0CAD500033A66F /* DeadLocker */ = {
			isa = PBXNativeTarget;
			buildConfigurationList = FA225DD61C0CAD500033A66F /* Build configuration list for PBXNativeTarget "DeadLocker" */;
			buildPhases = (
				FA225DC01C0CAD500033A66F /* Sources */,
				FA225DC11C0CAD500033A66F /* Frameworks */,
				FA225DC21C0CAD500033A66F /* Resources */,
			);
			buildRules = (
			);
			dependencies = (
			);
			name = DeadLocker;
			productName = MineSweeper;
			productReference = FA225DC41C0CAD500033A66F /* DeadLocker.temp_caseinsensitive_rename.app */;
			productType = "com.apple.product-type.application";
		};
/* End PBXNativeTarget section */

/* Begin PBXProject section */
		FA225DBC1C0CAD500033A66F /* Project object */ = {
			isa = PBXProject;
			attributes = {
				LastSwiftUpdateCheck = 0710;
				LastUpgradeCheck = 0710;
				ORGANIZATIONNAME = MoodSpace;
				TargetAttributes = {
					FA225DC31C0CAD500033A66F = {
						CreatedOnToolsVersion = 7.1.1;
						DevelopmentTeam = M7L7TY2YLK;
					};
				};
			};
			buildConfigurationList = FA225DBF1C0CAD500033A66F /* Build configuration list for PBXProject "DeadLocker" */;
			compatibilityVersion = "Xcode 3.2";
			developmentRegion = English;
			hasScannedForEncodings = 0;
			knownRegions = (
				en,
				Base,
			);
			mainGroup = FA225DBB1C0CAD500033A66F;
			productRefGroup = FA225DC51C0CAD500033A66F /* Products */;
			projectDirPath = "";
			projectRoot = "";
			targets = (
				FA225DC31C0CAD500033A66F /* DeadLocker */,
			);
		};
/* End PBXProject section */

/* Begin PBXResourcesBuildPhase section */
		FA225DC21C0CAD500033A66F /* Resources */ = {
			isa = PBXResourcesBuildPhase;
			buildActionMask = 2147483647;
			files = (
				FA2234EF1C0D8BAF00850CA3 /* grenade.mp3 in Resources */,
				FA225DD21C0CAD500033A66F /* LaunchScreen.storyboard in Resources */,
				FA225DCF1C0CAD500033A66F /* Assets.xcassets in Resources */,
				FA225DCD1C0CAD500033A66F /* Main.storyboard in Resources */,
			);
			runOnlyForDeploymentPostprocessing = 0;
		};
/* End PBXResourcesBuildPhase section */

/* Begin PBXSourcesBuildPhase section */
		FA225DC01C0CAD500033A66F /* Sources */ = {
			isa = PBXSourcesBuildPhase;
			buildActionMask = 2147483647;
			files = (
				FA225DCA1C0CAD500033A66F /* ViewController.swift in Sources */,
				FA225DC81C0CAD500033A66F /* AppDelegate.swift in Sources */,
			);
			runOnlyForDeploymentPostprocessing = 0;
		};
/* End PBXSourcesBuildPhase section */

/* Begin PBXVariantGroup section */
		FA225DCB1C0CAD500033A66F /* Main.storyboard */ = {
			isa = PBXVariantGroup;
			children = (
				FA225DCC1C0CAD500033A66F /* Base */,
			);
			name = Main.storyboard;
			sourceTree = "<group>";
		};
		FA225DD01C0CAD500033A66F /* LaunchScreen.storyboard */ = {
			isa = PBXVariantGroup;
			children = (
				FA225DD11C0CAD500033A66F /* Base */,
			);
			name = LaunchScreen.storyboard;
			sourceTree = "<group>";
		};
/* End PBXVariantGroup section */

/* Begin XCBuildConfiguration section */
		FA225DD41C0CAD500033A66F /* Debug */ = {
			isa = XCBuildConfiguration;
			buildSettings = {
				ALWAYS_SEARCH_USER_PATHS = NO;
				CLANG_CXX_LANGUAGE_STANDARD = "gnu++0x";
				CLANG_CXX_LIBRARY = "libc++";
				CLANG_ENABLE_MODULES = YES;
				CLANG_ENABLE_OBJC_ARC = YES;
				CLANG_WARN_BOOL_CONVERSION = YES;
				CLANG_WARN_CONSTANT_CONVERSION = YES;
				CLANG_WARN_DIRECT_OBJC_ISA_USAGE = YES_ERROR;
				CLANG_WARN_EMPTY_BODY = YES;
				CLANG_WARN_ENUM_CONVERSION = YES;
				CLANG_WARN_INT_CONVERSION = YES;
				CLANG_WARN_OBJC_ROOT_CLASS = YES_ERROR;
				CLANG_WARN_UNREACHABLE_CODE = YES;
				CLANG_WARN__DUPLICATE_METHOD_MATCH = YES;
				"CODE_SIGN_IDENTITY[sdk=iphoneos*]" = "iPhone Developer";
				COPY_PHASE_STRIP = NO;
				DEBUG_INFORMATION_FORMAT = dwarf;
				ENABLE_STRICT_OBJC_MSGSEND = YES;
				ENABLE_TESTABILITY = YES;
				GCC_C_LANGUAGE_STANDARD = gnu99;
				GCC_DYNAMIC_NO_PIC = NO;
				GCC_NO_COMMON_BLOCKS = YES;
				GCC_OPTIMIZATION_LEVEL = 0;
				GCC_PREPROCESSOR_DEFINITIONS = (
					"DEBUG=1",
					"$(inherited)",
				);
				GCC_WARN_64_TO_32_BIT_CONVERSION = YES;
				GCC_WARN_ABOUT_RETURN_TYPE = YES_ERROR;
				GCC_WARN_UNDECLARED_SELECTOR = YES;
				GCC_WARN_UNINITIALIZED_AUTOS = YES_AGGRESSIVE;
				GCC_WARN_UNUSED_FUNCTION = YES;
				GCC_WARN_UNUSED_VARIABLE = YES;
				IPHONEOS_DEPLOYMENT_TARGET = 9.1;
				MTL_ENABLE_DEBUG_INFO = YES;
				ONLY_ACTIVE_ARCH = YES;
				SDKROOT = iphoneos;
				SWIFT_OPTIMIZATION_LEVEL = "-Onone";
				TARGETED_DEVICE_FAMILY = "1,2";
			};
			name = Debug;
		};
		FA225DD51C0CAD500033A66F /* Release */ = {
			isa = XCBuildConfiguration;
			buildSettings = {
				ALWAYS_SEARCH_USER_PATHS = NO;
				CLANG_CXX_LANGUAGE_STANDARD = "gnu++0x";
				CLANG_CXX_LIBRARY = "libc++";
				CLANG_ENABLE_MODULES = YES;
				CLANG_ENABLE_OBJC_ARC = YES;
				CLANG_WARN_BOOL_CONVERSION = YES;
				CLANG_WARN_CONSTANT_CONVERSION = YES;
				CLANG_WARN_DIRECT_OBJC_ISA_USAGE = YES_ERROR;
				CLANG_WARN_EMPTY_BODY = YES;
				CLANG_WARN_ENUM_CONVERSION = YES;
				CLANG_WARN_INT_CONVERSION = YES;
				CLANG_WARN_OBJC_ROOT_CLASS = YES_ERROR;
				CLANG_WARN_UNREACHABLE_CODE = YES;
				CLANG_WARN__DUPLICATE_METHOD_MATCH = YES;
				"CODE_SIGN_IDENTITY[sdk=iphoneos*]" = "iPhone Developer";
				COPY_PHASE_STRIP = NO;
				DEBUG_INFORMATION_FORMAT = "dwarf-with-dsym";
				ENABLE_NS_ASSERTIONS = NO;
				ENABLE_STRICT_OBJC_MSGSEND = YES;
				GCC_C_LANGUAGE_STANDARD = gnu99;
				GCC_NO_COMMON_BLOCKS = YES;
				GCC_WARN_64_TO_32_BIT_CONVERSION = YES;
				GCC_WARN_ABOUT_RETURN_TYPE = YES_ERROR;
				GCC_WARN_UNDECLARED_SELECTOR = YES;
				GCC_WARN_UNINITIALIZED_AUTOS = YES_AGGRESSIVE;
				GCC_WARN_UNUSED_FUNCTION = YES;
				GCC_WARN_UNUSED_VARIABLE = YES;
				IPHONEOS_DEPLOYMENT_TARGET = 9.1;
				MTL_ENABLE_DEBUG_INFO = NO;
				SDKROOT = iphoneos;
				TARGETED_DEVICE_FAMILY = "1,2";
				VALIDATE_PRODUCT = YES;
			};
			name = Release;
		};
		FA225DD71C0CAD500033A66F /* Debug */ = {
			isa = XCBuildConfiguration;
			buildSettings = {
				ASSETCATALOG_COMPILER_APPICON_NAME = AppIcon;
				CODE_SIGN_IDENTITY = "iPhone Developer";
				INFOPLIST_FILE = MineSweeper/Info.plist;
				LD_RUNPATH_SEARCH_PATHS = "$(inherited) @executable_path/Frameworks";
				PRODUCT_BUNDLE_IDENTIFIER = me.MoodSpace.DeadLocker;
				PRODUCT_NAME = DeadLocker.temp_caseinsensitive_rename;
				TARGETED_DEVICE_FAMILY = 1;
			};
			name = Debug;
		};
		FA225DD81C0CAD500033A66F /* Release */ = {
			isa = XCBuildConfiguration;
			buildSettings = {
				ASSETCATALOG_COMPILER_APPICON_NAME = AppIcon;
				CODE_SIGN_IDENTITY = "iPhone Developer";
				INFOPLIST_FILE = MineSweeper/Info.plist;
				LD_RUNPATH_SEARCH_PATHS = "$(inherited) @executable_path/Frameworks";
				PRODUCT_BUNDLE_IDENTIFIER = me.MoodSpace.DeadLocker;
				PRODUCT_NAME = DeadLocker.temp_caseinsensitive_rename;
				TARGETED_DEVICE_FAMILY = 1;
			};
			name = Release;
		};
/* End XCBuildConfiguration section */

/* Begin XCConfigurationList section */
		FA225DBF1C0CAD500033A66F /* Build configuration list for PBXProject "DeadLocker" */ = {
			isa = XCConfigurationList;
			buildConfigurations = (
				FA225DD41C0CAD500033A66F /* Debug */,
				FA225DD51C0CAD500033A66F /* Release */,
			);
			defaultConfigurationIsVisible = 0;
			defaultConfigurationName = Release;
		};
		FA225DD61C0CAD500033A66F /* Build configuration list for PBXNativeTarget "DeadLocker" */ = {
			isa = XCConfigurationList;
			buildConfigurations = (
				FA225DD71C0CAD500033A66F /* Debug */,
				FA225DD81C0CAD500033A66F /* Release */,
			);
			defaultConfigurationIsVisible = 0;
			defaultConfigurationName = Release;
		};
/* End XCConfigurationList section */
	};
	rootObject = FA225DBC1C0CAD500033A66F /* Project object */;
}
